{
  "name": "deepest-walk",
  "version": "1.0.2",
  "lockfileVersion": 2,
  "requires": true,
  "packages": {
    "": {
      "version": "1.0.2",
      "license": "CC0-1.0",
      "dependencies": {
        "advarr": "^0.4.0",
        "replace-key": "^0.0.0"
      },
      "devDependencies": {
        "flug": "*"
      }
    },
    "node_modules/advarr": {
      "version": "0.4.0",
      "resolved": "https://registry.npmjs.org/advarr/-/advarr-0.4.0.tgz",
      "integrity": "sha512-XoXoOugwb750CUYywMVIEzInW/5ii+CgQCunK4lS2M73Tt1WdTR7nmGXqlx8QwBgGr/IxsIlQtbnM1mq4G8w8A=="
    },
    "node_modules/flug": {
      "version": "0.0.0",
      "resolved": "https://registry.npmjs.org/flug/-/flug-0.0.0.tgz",
      "integrity": "sha512-gTVGq4akhHvjG6jfPsnhDraweN+WBwxYrCgn9ZqVv36Y+r/yj6TJwwV/BhSsBAQdHoBmB+TmgQRO0MoKQwUoWA==",
      "dev": true
    },
    "node_modules/replace-key": {
      "version": "0.0.0",
      "resolved": "https://registry.npmjs.org/replace-key/-/replace-key-0.0.0.tgz",
      "integrity": "sha512-LMDQCqvtzHjgJA4rtyXiPA/p4jBn/5Ix8ognD8pXCsD+Q10iXpL19WUxFSYTvnMsAL3DKsJspHcWgc3/AB8eDA=="
    }
  },
  "dependencies": {
    "advarr": {
      "version": "0.4.0",
      "resolved": "https://registry.npmjs.org/advarr/-/advarr-0.4.0.tgz",
      "integrity": "sha512-XoXoOugwb750CUYywMVIEzInW/5ii+CgQCunK4lS2M73Tt1WdTR7nmGXqlx8QwBgGr/IxsIlQtbnM1mq4G8w8A=="
    },
    "flug": {
      "version": "0.0.0",
      "resolved": "https://registry.npmjs.org/flug/-/flug-0.0.0.tgz",
      "integrity": "sha512-gTVGq4akhHvjG6jfPsnhDraweN+WBwxYrCgn9ZqVv36Y+r/yj6TJwwV/BhSsBAQdHoBmB+TmgQRO0MoKQwUoWA==",
      "dev": true
    },
    "replace-key": {
      "version": "0.0.0",
      "resolved": "https://registry.npmjs.org/replace-key/-/replace-key-0.0.0.tgz",
      "integrity": "sha512-LMDQCqvtzHjgJA4rtyXiPA/p4jBn/5Ix8ognD8pXCsD+Q10iXpL19WUxFSYTvnMsAL3DKsJspHcWgc3/AB8eDA=="
    }
  }
}
