{
  "name": "deepest-walk",
  "version": "0.0.0",
  "lockfileVersion": 2,
  "requires": true,
  "packages": {
    "": {
      "version": "0.0.0",
      "license": "CC0-1.0",
      "dependencies": {
        "advarr": "^0.2.0",
        "replace-key": "^0.0.0"
      },
      "devDependencies": {
        "flug": "^0.0.0"
      }
    },
    "node_modules/advarr": {
      "version": "0.2.0",
      "resolved": "https://registry.npmjs.org/advarr/-/advarr-0.2.0.tgz",
      "integrity": "sha512-pQHm7bcmHHJxL77WN5nR94sbhG1faILF6SfgfcuXQVTr08gL8vRbdJ+Um/MIT4TUFBARFLSu2ZjkEDM0kTd6WQ=="
    },
    "node_modules/flug": {
      "version": "0.0.0",
      "resolved": "https://registry.npmjs.org/flug/-/flug-0.0.0.tgz",
      "integrity": "sha512-gTVGq4akhHvjG6jfPsnhDraweN+WBwxYrCgn9ZqVv36Y+r/yj6TJwwV/BhSsBAQdHoBmB+TmgQRO0MoKQwUoWA==",
      "dev": true
    },
    "node_modules/replace-key": {
      "version": "0.0.0",
      "resolved": "https://registry.npmjs.org/replace-key/-/replace-key-0.0.0.tgz",
      "integrity": "sha512-LMDQCqvtzHjgJA4rtyXiPA/p4jBn/5Ix8ognD8pXCsD+Q10iXpL19WUxFSYTvnMsAL3DKsJspHcWgc3/AB8eDA=="
    }
  },
  "dependencies": {
    "advarr": {
      "version": "0.2.0",
      "resolved": "https://registry.npmjs.org/advarr/-/advarr-0.2.0.tgz",
      "integrity": "sha512-pQHm7bcmHHJxL77WN5nR94sbhG1faILF6SfgfcuXQVTr08gL8vRbdJ+Um/MIT4TUFBARFLSu2ZjkEDM0kTd6WQ=="
    },
    "flug": {
      "version": "0.0.0",
      "resolved": "https://registry.npmjs.org/flug/-/flug-0.0.0.tgz",
      "integrity": "sha512-gTVGq4akhHvjG6jfPsnhDraweN+WBwxYrCgn9ZqVv36Y+r/yj6TJwwV/BhSsBAQdHoBmB+TmgQRO0MoKQwUoWA==",
      "dev": true
    },
    "replace-key": {
      "version": "0.0.0",
      "resolved": "https://registry.npmjs.org/replace-key/-/replace-key-0.0.0.tgz",
      "integrity": "sha512-LMDQCqvtzHjgJA4rtyXiPA/p4jBn/5Ix8ognD8pXCsD+Q10iXpL19WUxFSYTvnMsAL3DKsJspHcWgc3/AB8eDA=="
    }
  }
}
